
Microsoft Visual Studio Solution File, Format Version 12.00
# Visual Studio Version 16
VisualStudioVersion = 16.0.31729.503
MinimumVisualStudioVersion = 10.0.40219.1
Project("{FAE04EC0-301F-11D3-BF4B-00C04F79EFBC}") = "YoutubeEgitim", "YoutubeEgitim.csproj", "{35AD62CB-60CF-4705-A048-59F71842F5C3}"
EndProject
Global
	GlobalSection(SolutionConfigurationPlatforms) = preSolution
		Debug|Any CPU = Debug|Any CPU
		Release|Any CPU = Release|Any CPU
	EndGlobalSection
	GlobalSection(ProjectConfigurationPlatforms) = postSolution
		{35AD62CB-60CF-4705-A048-59F71842F5C3}.Debug|Any CPU.ActiveCfg = Debug|Any CPU
		{35AD62CB-60CF-4705-A048-59F71842F5C3}.Debug|Any CPU.Build.0 = Debug|Any CPU
		{35AD62CB-60CF-4705-A048-59F71842F5C3}.Release|Any CPU.ActiveCfg = Release|Any CPU
		{35AD62CB-60CF-4705-A048-59F71842F5C3}.Release|Any CPU.Build.0 = Release|Any CPU
	EndGlobalSection
	GlobalSection(SolutionProperties) = preSolution
		HideSolutionNode = FALSE
	EndGlobalSection
	GlobalSection(ExtensibilityGlobals) = postSolution
		SolutionGuid = {932D77ED-2C21-4280-8E23-8F11C3B720E8}
	EndGlobalSection
EndGlobal
